
Microsoft Visual Studio Solution File, Format Version 12.00
# Visual Studio Version 16
VisualStudioVersion = 16.0.29509.3
MinimumVisualStudioVersion = 10.0.40219.1
Project("{FAE04EC0-301F-11D3-BF4B-00C04F79EFBC}") = "CsvQuery", "CsvQuery\CsvQuery.csproj", "{E56F6E12-089C-40ED-BCFD-923E5FA121A1}"
EndProject
Project("{FAE04EC0-301F-11D3-BF4B-00C04F79EFBC}") = "Tests", "Tests\Tests.csproj", "{E526081B-A5A3-457F-A30D-4AB0D2DB5A05}"
EndProject
Project("{FAE04EC0-301F-11D3-BF4B-00C04F79EFBC}") = "CsvGen", "CsvGen\CsvGen.csproj", "{0D77E645-AA2E-4FCA-A3A9-000FF3C696D8}"
EndProject
Project("{2150E333-8FDC-42A3-9474-1A3956D46DE8}") = "Solution Items", "Solution Items", "{88153964-D2BA-4272-A415-C9AC90841248}"
	ProjectSection(SolutionItems) = preProject
		appveyor.yml = appveyor.yml
		Notes.txt = Notes.txt
		README.md = README.md
	EndProjectSection
EndProject
Global
	GlobalSection(SolutionConfigurationPlatforms) = preSolution
		Debug|x64 = Debug|x64
		Debug|x86 = Debug|x86
		Release|x64 = Release|x64
		Release|x86 = Release|x86
		Test|x64 = Test|x64
		Test|x86 = Test|x86
	EndGlobalSection
	GlobalSection(ProjectConfigurationPlatforms) = postSolution
		{E56F6E12-089C-40ED-BCFD-923E5FA121A1}.Debug|x64.ActiveCfg = Debug|x64
		{E56F6E12-089C-40ED-BCFD-923E5FA121A1}.Debug|x64.Build.0 = Debug|x64
		{E56F6E12-089C-40ED-BCFD-923E5FA121A1}.Debug|x86.ActiveCfg = Debug|x86
		{E56F6E12-089C-40ED-BCFD-923E5FA121A1}.Debug|x86.Build.0 = Debug|x86
		{E56F6E12-089C-40ED-BCFD-923E5FA121A1}.Release|x64.ActiveCfg = Release|x64
		{E56F6E12-089C-40ED-BCFD-923E5FA121A1}.Release|x64.Build.0 = Release|x64
		{E56F6E12-089C-40ED-BCFD-923E5FA121A1}.Release|x86.ActiveCfg = Release|x86
		{E56F6E12-089C-40ED-BCFD-923E5FA121A1}.Release|x86.Build.0 = Release|x86
		{E56F6E12-089C-40ED-BCFD-923E5FA121A1}.Test|x64.ActiveCfg = Test|x64
		{E56F6E12-089C-40ED-BCFD-923E5FA121A1}.Test|x64.Build.0 = Test|x64
		{E56F6E12-089C-40ED-BCFD-923E5FA121A1}.Test|x86.ActiveCfg = Test|x86
		{E56F6E12-089C-40ED-BCFD-923E5FA121A1}.Test|x86.Build.0 = Test|x86
		{E526081B-A5A3-457F-A30D-4AB0D2DB5A05}.Debug|x64.ActiveCfg = Debug|x64
		{E526081B-A5A3-457F-A30D-4AB0D2DB5A05}.Debug|x64.Build.0 = Debug|x64
		{E526081B-A5A3-457F-A30D-4AB0D2DB5A05}.Debug|x86.ActiveCfg = Debug|x86
		{E526081B-A5A3-457F-A30D-4AB0D2DB5A05}.Debug|x86.Build.0 = Debug|x86
		{E526081B-A5A3-457F-A30D-4AB0D2DB5A05}.Release|x64.ActiveCfg = Release|x64
		{E526081B-A5A3-457F-A30D-4AB0D2DB5A05}.Release|x64.Build.0 = Release|x64
		{E526081B-A5A3-457F-A30D-4AB0D2DB5A05}.Release|x86.ActiveCfg = Release|x86
		{E526081B-A5A3-457F-A30D-4AB0D2DB5A05}.Release|x86.Build.0 = Release|x86
		{E526081B-A5A3-457F-A30D-4AB0D2DB5A05}.Test|x64.ActiveCfg = Debug|x64
		{E526081B-A5A3-457F-A30D-4AB0D2DB5A05}.Test|x64.Build.0 = Debug|x64
		{E526081B-A5A3-457F-A30D-4AB0D2DB5A05}.Test|x86.ActiveCfg = Debug|x86
		{E526081B-A5A3-457F-A30D-4AB0D2DB5A05}.Test|x86.Build.0 = Debug|x86
		{0D77E645-AA2E-4FCA-A3A9-000FF3C696D8}.Debug|x64.ActiveCfg = Debug|x64
		{0D77E645-AA2E-4FCA-A3A9-000FF3C696D8}.Debug|x64.Build.0 = Debug|x64
		{0D77E645-AA2E-4FCA-A3A9-000FF3C696D8}.Debug|x86.ActiveCfg = Debug|x86
		{0D77E645-AA2E-4FCA-A3A9-000FF3C696D8}.Debug|x86.Build.0 = Debug|x86
		{0D77E645-AA2E-4FCA-A3A9-000FF3C696D8}.Release|x64.ActiveCfg = Release|x64
		{0D77E645-AA2E-4FCA-A3A9-000FF3C696D8}.Release|x64.Build.0 = Release|x64
		{0D77E645-AA2E-4FCA-A3A9-000FF3C696D8}.Release|x86.ActiveCfg = Release|x86
		{0D77E645-AA2E-4FCA-A3A9-000FF3C696D8}.Release|x86.Build.0 = Release|x86
		{0D77E645-AA2E-4FCA-A3A9-000FF3C696D8}.Test|x64.ActiveCfg = Debug|x64
		{0D77E645-AA2E-4FCA-A3A9-000FF3C696D8}.Test|x64.Build.0 = Debug|x64
		{0D77E645-AA2E-4FCA-A3A9-000FF3C696D8}.Test|x86.ActiveCfg = Debug|x86
		{0D77E645-AA2E-4FCA-A3A9-000FF3C696D8}.Test|x86.Build.0 = Debug|x86
	EndGlobalSection
	GlobalSection(SolutionProperties) = preSolution
		HideSolutionNode = FALSE
	EndGlobalSection
	GlobalSection(ExtensibilityGlobals) = postSolution
		SolutionGuid = {6AF1ED97-C5DF-43D0-BF00-0C4033F75EA3}
	EndGlobalSection
	GlobalSection(Performance) = preSolution
		HasPerformanceSessions = true
	EndGlobalSection
EndGlobal
