
Microsoft Visual Studio Solution File, Format Version 12.00
# Visual Studio 2012
Project("{FAE04EC0-301F-11D3-BF4B-00C04F79EFBC}") = "CsvQuery", "CsvQuery\CsvQuery.csproj", "{CE079981-61E0-4113-9447-88C0A63696CF}"
EndProject
Project("{FAE04EC0-301F-11D3-BF4B-00C04F79EFBC}") = "Tests", "Tests\Tests.csproj", "{E526081B-A5A3-457F-A30D-4AB0D2DB5A05}"
EndProject
Project("{2150E333-8FDC-42A3-9474-1A3956D46DE8}") = "Solution Items", "Solution Items", "{531D0C51-D084-47C1-BC1B-05EE8158B687}"
	ProjectSection(SolutionItems) = preProject
		Local.testsettings = Local.testsettings
		TraceAndTestImpact.testsettings = TraceAndTestImpact.testsettings
	EndProjectSection
EndProject
Global
	GlobalSection(SolutionConfigurationPlatforms) = preSolution
		Debug|x86 = Debug|x86
		Release|x86 = Release|x86
	EndGlobalSection
	GlobalSection(ProjectConfigurationPlatforms) = postSolution
		{CE079981-61E0-4113-9447-88C0A63696CF}.Debug|x86.ActiveCfg = Debug|x86
		{CE079981-61E0-4113-9447-88C0A63696CF}.Debug|x86.Build.0 = Debug|x86
		{CE079981-61E0-4113-9447-88C0A63696CF}.Release|x86.ActiveCfg = Release|x86
		{CE079981-61E0-4113-9447-88C0A63696CF}.Release|x86.Build.0 = Release|x86
		{E526081B-A5A3-457F-A30D-4AB0D2DB5A05}.Debug|x86.ActiveCfg = Debug|x86
		{E526081B-A5A3-457F-A30D-4AB0D2DB5A05}.Debug|x86.Build.0 = Debug|x86
		{E526081B-A5A3-457F-A30D-4AB0D2DB5A05}.Release|x86.ActiveCfg = Release|x86
	EndGlobalSection
	GlobalSection(SolutionProperties) = preSolution
		HideSolutionNode = FALSE
	EndGlobalSection
EndGlobal
