
Microsoft Visual Studio Solution File, Format Version 11.00
# Visual Studio 2012
Project("{FAE04EC0-301F-11D3-BF4B-00C04F79EFBC}") = "NppManagedPluginDemo.VS2010", "NppManagedPluginDemo\NppManagedPluginDemo.VS2010.csproj", "{EB8FC3A3-93E8-457B-B281-FAFA5119611A}"
EndProject
Project("{FAE04EC0-301F-11D3-BF4B-00C04F79EFBC}") = "CsvQuery", "CsvQuery\CsvQuery.csproj", "{CE079981-61E0-4113-9447-88C0A63696CF}"
EndProject
Project("{FAE04EC0-301F-11D3-BF4B-00C04F79EFBC}") = "Tests", "Tests\Tests.csproj", "{E526081B-A5A3-457F-A30D-4AB0D2DB5A05}"
EndProject
Project("{2150E333-8FDC-42A3-9474-1A3956D46DE8}") = "Solution Items", "Solution Items", "{531D0C51-D084-47C1-BC1B-05EE8158B687}"
	ProjectSection(SolutionItems) = preProject
		Local.testsettings = Local.testsettings
		NppManagedPluginDemo.VS2010.vsmdi = NppManagedPluginDemo.VS2010.vsmdi
		TraceAndTestImpact.testsettings = TraceAndTestImpact.testsettings
	EndProjectSection
EndProject
Global
	GlobalSection(TestCaseManagementSettings) = postSolution
		CategoryFile = NppManagedPluginDemo.VS2010.vsmdi
	EndGlobalSection
	GlobalSection(SolutionConfigurationPlatforms) = preSolution
		Debug|Any CPU = Debug|Any CPU
		Release|Any CPU = Release|Any CPU
	EndGlobalSection
	GlobalSection(ProjectConfigurationPlatforms) = postSolution
		{EB8FC3A3-93E8-457B-B281-FAFA5119611A}.Debug|Any CPU.ActiveCfg = Debug|Any CPU
		{EB8FC3A3-93E8-457B-B281-FAFA5119611A}.Debug|Any CPU.Build.0 = Debug|Any CPU
		{EB8FC3A3-93E8-457B-B281-FAFA5119611A}.Release|Any CPU.ActiveCfg = Release|Any CPU
		{EB8FC3A3-93E8-457B-B281-FAFA5119611A}.Release|Any CPU.Build.0 = Release|Any CPU
		{CE079981-61E0-4113-9447-88C0A63696CF}.Debug|Any CPU.ActiveCfg = Debug|Any CPU
		{CE079981-61E0-4113-9447-88C0A63696CF}.Debug|Any CPU.Build.0 = Debug|Any CPU
		{CE079981-61E0-4113-9447-88C0A63696CF}.Release|Any CPU.ActiveCfg = Release|Any CPU
		{CE079981-61E0-4113-9447-88C0A63696CF}.Release|Any CPU.Build.0 = Release|Any CPU
		{E526081B-A5A3-457F-A30D-4AB0D2DB5A05}.Debug|Any CPU.ActiveCfg = Debug|Any CPU
		{E526081B-A5A3-457F-A30D-4AB0D2DB5A05}.Debug|Any CPU.Build.0 = Debug|Any CPU
		{E526081B-A5A3-457F-A30D-4AB0D2DB5A05}.Release|Any CPU.ActiveCfg = Release|Any CPU
		{E526081B-A5A3-457F-A30D-4AB0D2DB5A05}.Release|Any CPU.Build.0 = Release|Any CPU
	EndGlobalSection
	GlobalSection(SolutionProperties) = preSolution
		HideSolutionNode = FALSE
	EndGlobalSection
EndGlobal
